{
  "version": 4,
  "terraform_version": "1.11.0",
  "serial": 8,
  "lineage": "ef123aed-a570-80ea-4fc8-7768e290feb6",
  "outputs": {},
  "resources": [
    {
      "module": "module.s3_dynamo_tfstate",
      "mode": "data",
      "type": "aws_caller_identity",
      "name": "current",
      "provider": "provider[\"registry.terraform.io/hashicorp/aws\"]",
      "instances": [
        {
          "schema_version": 0,
          "attributes": {
            "account_id": "065674448228",
            "arn": "arn:aws:iam::065674448228:user/full-access",
            "id": "065674448228",
            "user_id": "AIDAQ6SUARVSJPEL3TGWO"
          },
          "sensitive_attributes": []
        }
      ]
    },
    {
      "module": "module.s3_dynamo_tfstate",
      "mode": "managed",
      "type": "aws_dynamodb_table",
      "name": "dynamodb_locks",
      "provider": "provider[\"registry.terraform.io/hashicorp/aws\"]",
      "instances": [
        {
          "schema_version": 1,
          "attributes": {
            "arn": "arn:aws:dynamodb:eu-south-2:065674448228:table/stcp-realtime-tfstate-dev",
            "attribute": [
              {
                "name": "LockID",
                "type": "S"
              }
            ],
            "billing_mode": "PAY_PER_REQUEST",
            "deletion_protection_enabled": false,
            "global_secondary_index": [],
            "hash_key": "LockID",
            "id": "stcp-realtime-tfstate-dev",
            "import_table": [],
            "local_secondary_index": [],
            "name": "stcp-realtime-tfstate-dev",
            "on_demand_throughput": [],
            "point_in_time_recovery": [
              {
                "enabled": false
              }
            ],
            "range_key": null,
            "read_capacity": 0,
            "replica": [],
            "restore_date_time": null,
            "restore_source_name": null,
            "restore_source_table_arn": null,
            "restore_to_latest_time": null,
            "server_side_encryption": [],
            "stream_arn": "",
            "stream_enabled": false,
            "stream_label": "",
            "stream_view_type": "",
            "table_class": "STANDARD",
            "tags": null,
            "tags_all": {
              "environment": "dev",
              "project": "stcp-realtime-tfstate"
            },
            "timeouts": null,
            "ttl": [
              {
                "attribute_name": "",
                "enabled": false
              }
            ],
            "write_capacity": 0
          },
          "sensitive_attributes": [],
          "private": "eyJlMmJmYjczMC1lY2FhLTExZTYtOGY4OC0zNDM2M2JjN2M0YzAiOnsiY3JlYXRlIjoxODAwMDAwMDAwMDAwLCJkZWxldGUiOjYwMDAwMDAwMDAwMCwidXBkYXRlIjozNjAwMDAwMDAwMDAwfSwic2NoZW1hX3ZlcnNpb24iOiIxIn0="
        }
      ]
    },
    {
      "module": "module.s3_dynamo_tfstate",
      "mode": "managed",
      "type": "aws_kms_key",
      "name": "s3_kms_key",
      "provider": "provider[\"registry.terraform.io/hashicorp/aws\"]",
      "instances": [
        {
          "schema_version": 0,
          "attributes": {
            "arn": "arn:aws:kms:eu-south-2:065674448228:key/b82d50fd-a46f-4db5-81e2-54062a5bf31e",
            "bypass_policy_lockout_safety_check": false,
            "custom_key_store_id": "",
            "customer_master_key_spec": "SYMMETRIC_DEFAULT",
            "deletion_window_in_days": null,
            "description": "kms key for encryption",
            "enable_key_rotation": true,
            "id": "b82d50fd-a46f-4db5-81e2-54062a5bf31e",
            "is_enabled": true,
            "key_id": "b82d50fd-a46f-4db5-81e2-54062a5bf31e",
            "key_usage": "ENCRYPT_DECRYPT",
            "multi_region": false,
            "policy": "{\"Id\":\"stcp-realtime-tfstate-s3-kms-key-policy\",\"Statement\":[{\"Action\":[\"kms:Encrypt*\",\"kms:Decrypt*\",\"kms:ReEncrypt*\",\"kms:GenerateDataKey*\",\"kms:Describe*\"],\"Condition\":{\"StringEquals\":{\"kms:CallerAccount\":\"065674448228\",\"kms:ViaService\":\"s3.eu-south-2.amazonaws.com\"}},\"Effect\":\"Allow\",\"Principal\":{\"AWS\":\"*\"},\"Resource\":\"*\",\"Sid\":\"Allow access through AWS S3 buckets for all principals in the account that are authorized to use AWS S3\"},{\"Action\":\"kms:*\",\"Effect\":\"Allow\",\"Principal\":{\"AWS\":\"arn:aws:iam::065674448228:root\"},\"Resource\":\"*\",\"Sid\":\"Allow direct access to key metadata to the root account user\"}],\"Version\":\"2012-10-17\"}",
            "rotation_period_in_days": 365,
            "tags": null,
            "tags_all": {
              "environment": "dev",
              "project": "stcp-realtime-tfstate"
            },
            "timeouts": null,
            "xks_key_id": ""
          },
          "sensitive_attributes": [],
          "private": "eyJlMmJmYjczMC1lY2FhLTExZTYtOGY4OC0zNDM2M2JjN2M0YzAiOnsiY3JlYXRlIjoxMjAwMDAwMDAwMDB9fQ==",
          "dependencies": [
            "module.s3_dynamo_tfstate.data.aws_caller_identity.current"
          ]
        }
      ]
    },
    {
      "module": "module.s3_dynamo_tfstate",
      "mode": "managed",
      "type": "aws_s3_bucket",
      "name": "s3_bucket",
      "provider": "provider[\"registry.terraform.io/hashicorp/aws\"]",
      "instances": [
        {
          "schema_version": 0,
          "attributes": {
            "acceleration_status": "",
            "acl": null,
            "arn": "arn:aws:s3:::stcp-realtime-tfstate-dev",
            "bucket": "stcp-realtime-tfstate-dev",
            "bucket_domain_name": "stcp-realtime-tfstate-dev.s3.amazonaws.com",
            "bucket_prefix": "",
            "bucket_regional_domain_name": "stcp-realtime-tfstate-dev.s3.eu-south-2.amazonaws.com",
            "cors_rule": [],
            "force_destroy": false,
            "grant": [
              {
                "id": "164d7c72d5ec87a71806273322de134b080ac2ff81ad2cc9c3d5c91b0f4b6649",
                "permissions": [
                  "FULL_CONTROL"
                ],
                "type": "CanonicalUser",
                "uri": ""
              }
            ],
            "hosted_zone_id": "Z0081959F7139GRJC19J",
            "id": "stcp-realtime-tfstate-dev",
            "lifecycle_rule": [],
            "logging": [],
            "object_lock_configuration": [],
            "object_lock_enabled": false,
            "policy": "",
            "region": "eu-south-2",
            "replication_configuration": [],
            "request_payer": "BucketOwner",
            "server_side_encryption_configuration": [
              {
                "rule": [
                  {
                    "apply_server_side_encryption_by_default": [
                      {
                        "kms_master_key_id": "",
                        "sse_algorithm": "AES256"
                      }
                    ],
                    "bucket_key_enabled": false
                  }
                ]
              }
            ],
            "tags": null,
            "tags_all": {
              "environment": "dev",
              "project": "stcp-realtime-tfstate"
            },
            "timeouts": null,
            "versioning": [
              {
                "enabled": false,
                "mfa_delete": false
              }
            ],
            "website": [],
            "website_domain": null,
            "website_endpoint": null
          },
          "sensitive_attributes": [],
          "private": "eyJlMmJmYjczMC1lY2FhLTExZTYtOGY4OC0zNDM2M2JjN2M0YzAiOnsiY3JlYXRlIjoxMjAwMDAwMDAwMDAwLCJkZWxldGUiOjM2MDAwMDAwMDAwMDAsInJlYWQiOjEyMDAwMDAwMDAwMDAsInVwZGF0ZSI6MTIwMDAwMDAwMDAwMH19"
        }
      ]
    },
    {
      "module": "module.s3_dynamo_tfstate",
      "mode": "managed",
      "type": "aws_s3_bucket_ownership_controls",
      "name": "s3_bucket_ownership",
      "provider": "provider[\"registry.terraform.io/hashicorp/aws\"]",
      "instances": [
        {
          "schema_version": 0,
          "attributes": {
            "bucket": "stcp-realtime-tfstate-dev",
            "id": "stcp-realtime-tfstate-dev",
            "rule": [
              {
                "object_ownership": "BucketOwnerEnforced"
              }
            ]
          },
          "sensitive_attributes": [],
          "private": "bnVsbA==",
          "dependencies": [
            "module.s3_dynamo_tfstate.aws_s3_bucket.s3_bucket"
          ]
        }
      ]
    },
    {
      "module": "module.s3_dynamo_tfstate",
      "mode": "managed",
      "type": "aws_s3_bucket_policy",
      "name": "s3-bucket-policy-deny-http-requests",
      "provider": "provider[\"registry.terraform.io/hashicorp/aws\"]",
      "instances": [
        {
          "schema_version": 0,
          "attributes": {
            "bucket": "stcp-realtime-tfstate-dev",
            "id": "stcp-realtime-tfstate-dev",
            "policy": "{\"Statement\":[{\"Action\":\"s3:*\",\"Condition\":{\"Bool\":{\"aws:SecureTransport\":\"false\"}},\"Effect\":\"Deny\",\"Principal\":\"*\",\"Resource\":\"arn:aws:s3:::stcp-realtime-tfstate-dev/*\"}],\"Version\":\"2012-10-17\"}"
          },
          "sensitive_attributes": [],
          "private": "bnVsbA==",
          "dependencies": [
            "module.s3_dynamo_tfstate.aws_s3_bucket.s3_bucket"
          ]
        }
      ]
    },
    {
      "module": "module.s3_dynamo_tfstate",
      "mode": "managed",
      "type": "aws_s3_bucket_public_access_block",
      "name": "s3_bucket_public_access_block",
      "provider": "provider[\"registry.terraform.io/hashicorp/aws\"]",
      "instances": [
        {
          "schema_version": 0,
          "attributes": {
            "block_public_acls": true,
            "block_public_policy": true,
            "bucket": "stcp-realtime-tfstate-dev",
            "id": "stcp-realtime-tfstate-dev",
            "ignore_public_acls": true,
            "restrict_public_buckets": true
          },
          "sensitive_attributes": [],
          "private": "bnVsbA==",
          "dependencies": [
            "module.s3_dynamo_tfstate.aws_s3_bucket.s3_bucket"
          ]
        }
      ]
    },
    {
      "module": "module.s3_dynamo_tfstate",
      "mode": "managed",
      "type": "aws_s3_bucket_server_side_encryption_configuration",
      "name": "s3_bucket_encryption",
      "provider": "provider[\"registry.terraform.io/hashicorp/aws\"]",
      "instances": [
        {
          "schema_version": 0,
          "attributes": {
            "bucket": "stcp-realtime-tfstate-dev",
            "expected_bucket_owner": "",
            "id": "stcp-realtime-tfstate-dev",
            "rule": [
              {
                "apply_server_side_encryption_by_default": [
                  {
                    "kms_master_key_id": "arn:aws:kms:eu-south-2:065674448228:key/b82d50fd-a46f-4db5-81e2-54062a5bf31e",
                    "sse_algorithm": "aws:kms"
                  }
                ],
                "bucket_key_enabled": null
              }
            ]
          },
          "sensitive_attributes": [],
          "private": "bnVsbA==",
          "dependencies": [
            "module.s3_dynamo_tfstate.aws_kms_key.s3_kms_key",
            "module.s3_dynamo_tfstate.aws_s3_bucket.s3_bucket",
            "module.s3_dynamo_tfstate.data.aws_caller_identity.current"
          ]
        }
      ]
    }
  ],
  "check_results": null
}
